
Microsoft Visual Studio Solution File, Format Version 12.00
# Visual Studio Version 17
VisualStudioVersion = 17.8.34330.188
MinimumVisualStudioVersion = 10.0.40219.1
Project("{FAE04EC0-301F-11D3-BF4B-00C04F79EFBC}") = "EFAssetTrackingDb", "EFAssetTrackingDb\EFAssetTrackingDb.csproj", "{16934253-E6A8-4AB1-B2C9-B40F4A1470F8}"
EndProject
Global
	GlobalSection(SolutionConfigurationPlatforms) = preSolution
		Debug|Any CPU = Debug|Any CPU
		Release|Any CPU = Release|Any CPU
	EndGlobalSection
	GlobalSection(ProjectConfigurationPlatforms) = postSolution
		{16934253-E6A8-4AB1-B2C9-B40F4A1470F8}.Debug|Any CPU.ActiveCfg = Debug|Any CPU
		{16934253-E6A8-4AB1-B2C9-B40F4A1470F8}.Debug|Any CPU.Build.0 = Debug|Any CPU
		{16934253-E6A8-4AB1-B2C9-B40F4A1470F8}.Release|Any CPU.ActiveCfg = Release|Any CPU
		{16934253-E6A8-4AB1-B2C9-B40F4A1470F8}.Release|Any CPU.Build.0 = Release|Any CPU
	EndGlobalSection
	GlobalSection(SolutionProperties) = preSolution
		HideSolutionNode = FALSE
	EndGlobalSection
	GlobalSection(ExtensibilityGlobals) = postSolution
		SolutionGuid = {038E7298-7784-437C-A9E1-3EF33468E9BD}
	EndGlobalSection
EndGlobal
